
Microsoft Visual Studio Solution File, Format Version 12.00
# Visual Studio 2013
VisualStudioVersion = 12.0.30723.0
MinimumVisualStudioVersion = 10.0.40219.1
Project("{2150E333-8FDC-42A3-9474-1A3956D46DE8}") = "GifRenderer", "GifRenderer", "{A63CCFBD-164C-4896-9306-25FF73E85DD4}"
EndProject
Project("{8BC9CEB8-8B4A-11D0-8D11-00A0C91BC942}") = "GifRenderer.Shared", "GifRenderer\GifRenderer.Shared\GifRenderer.Shared.vcxitems", "{ED38C92B-F8D2-459B-9A7F-4A215D689993}"
EndProject
Project("{8BC9CEB8-8B4A-11D0-8D11-00A0C91BC942}") = "GifRenderer.WindowsPhone", "GifRenderer\GifRenderer.WindowsPhone\GifRenderer.WindowsPhone.vcxproj", "{57985DF4-90BC-4B9F-B1FC-291A30A48156}"
EndProject
Project("{8BC9CEB8-8B4A-11D0-8D11-00A0C91BC942}") = "GifRenderer.Windows", "GifRenderer\GifRenderer.Windows\GifRenderer.Windows.vcxproj", "{03EFE940-9E63-48F1-9194-71BD3676FB3B}"
EndProject
Project("{2150E333-8FDC-42A3-9474-1A3956D46DE8}") = "SnooDom", "SnooDom", "{266F8396-F853-4C3B-940B-47CDA92B74A7}"
EndProject
Project("{8BC9CEB8-8B4A-11D0-8D11-00A0C91BC942}") = "SnooDom.Shared", "SnooDom\SnooDom.Shared\SnooDom.Shared.vcxitems", "{72096595-CBA5-4D81-938E-20ADCFCC2C15}"
EndProject
Project("{8BC9CEB8-8B4A-11D0-8D11-00A0C91BC942}") = "SnooDom.WindowsPhone", "SnooDom\SnooDom.WindowsPhone\SnooDom.WindowsPhone.vcxproj", "{3434FE66-EE43-4C14-AD32-B6EBDB174C7E}"
EndProject
Project("{8BC9CEB8-8B4A-11D0-8D11-00A0C91BC942}") = "SnooDom.Windows", "SnooDom\SnooDom.Windows\SnooDom.Windows.vcxproj", "{F21692C7-0955-4E64-A684-2272F0E7B664}"
EndProject
Project("{FAE04EC0-301F-11D3-BF4B-00C04F79EFBC}") = "SnooStreamCore", "SnooStreamCore\SnooStreamCore.csproj", "{DAF4D2B8-E906-422A-B53A-C57DBA2AE94D}"
EndProject
Project("{FAE04EC0-301F-11D3-BF4B-00C04F79EFBC}") = "NBoilerpipePortable", "NBoilerpipePortable\NBoilerpipePortable.csproj", "{17272736-FE78-416B-96C4-90FCF0BEA45B}"
EndProject
Project("{2150E333-8FDC-42A3-9474-1A3956D46DE8}") = "SnooStream", "SnooStream", "{6D442C62-86B4-45A6-B470-6D2221A30436}"
EndProject
Project("{D954291E-2A0B-460D-934E-DC6B0785DB48}") = "SnooStream.Shared", "SnooStream\SnooStream.Shared\SnooStream.Shared.shproj", "{6C8373CD-EBF7-455D-AD4A-A26FD89A479D}"
EndProject
Project("{FAE04EC0-301F-11D3-BF4B-00C04F79EFBC}") = "SnooStream.Windows", "SnooStream\SnooStream.Windows\SnooStream.Windows.csproj", "{7773C3F4-7F7F-47A2-9555-1D0D2DC7A3BF}"
EndProject
Project("{FAE04EC0-301F-11D3-BF4B-00C04F79EFBC}") = "SnooStream.WindowsPhone", "SnooStream\SnooStream.WindowsPhone\SnooStream.WindowsPhone.csproj", "{8885D4F1-92F9-46A0-A375-B14F2D118046}"
EndProject
Project("{2150E333-8FDC-42A3-9474-1A3956D46DE8}") = "SnooStreamBackground", "SnooStreamBackground", "{9E94E870-CEB0-4576-8DDA-E0F956F988DF}"
EndProject
Project("{8BC9CEB8-8B4A-11D0-8D11-00A0C91BC942}") = "SnooDomBackground.Shared", "SnooStreamBackground\SnooStreamBackground.Shared\SnooStreamBackground.Shared.vcxitems", "{462A08BA-A466-47E9-BDBE-A2D3247AE88A}"
EndProject
Project("{8BC9CEB8-8B4A-11D0-8D11-00A0C91BC942}") = "SnooStreamBackground.Windows", "SnooStreamBackground\SnooStreamBackground.Windows\SnooStreamBackground.Windows.vcxproj", "{21CEC526-5230-497D-B1B9-ADF599B265F3}"
EndProject
Project("{8BC9CEB8-8B4A-11D0-8D11-00A0C91BC942}") = "SnooStreamBackground.WindowsPhone", "SnooStreamBackground\SnooStreamBackground.WindowsPhone\SnooStreamBackground.WindowsPhone.vcxproj", "{D065417F-148C-4421-9034-580A4796D5D8}"
EndProject
Project("{2150E333-8FDC-42A3-9474-1A3956D46DE8}") = ".nuget", ".nuget", "{F6CBD2D0-998C-48C1-B49B-296C1FFF9ADC}"
	ProjectSection(SolutionItems) = preProject
		.nuget\NuGet.Config = .nuget\NuGet.Config
		.nuget\NuGet.exe = .nuget\NuGet.exe
		.nuget\NuGet.targets = .nuget\NuGet.targets
	EndProjectSection
EndProject
Project("{FAE04EC0-301F-11D3-BF4B-00C04F79EFBC}") = "SnooSharp", "SnooSharp\SnooSharp.csproj", "{D9BAA749-5BBE-4DAE-B5EA-4D70DEF266FC}"
EndProject
Project("{FAE04EC0-301F-11D3-BF4B-00C04F79EFBC}") = "CommonResourceAcquisition", "CommonResourceAcquisition\CommonResourceAcquisition.csproj", "{9316A5E4-85F8-4833-839F-A2E03C97BD67}"
EndProject
Project("{2150E333-8FDC-42A3-9474-1A3956D46DE8}") = "Solution Items", "Solution Items", "{67C56F59-4BBF-482E-875E-579345C917E3}"
	ProjectSection(SolutionItems) = preProject
		Performance1.psess = Performance1.psess
	EndProjectSection
EndProject
Global
	GlobalSection(SharedMSBuildProjectFiles) = preSolution
		SnooDom\SnooDom.Shared\SnooDom.Shared.vcxitems*{72096595-cba5-4d81-938e-20adcfcc2c15}*SharedItemsImports = 9
		SnooStreamBackground\SnooStreamBackground.Shared\SnooStreamBackground.Shared.vcxitems*{d065417f-148c-4421-9034-580a4796d5d8}*SharedItemsImports = 4
		SnooStream\SnooStream.Shared\SnooStream.Shared.projitems*{8885d4f1-92f9-46a0-a375-b14f2d118046}*SharedItemsImports = 4
		SnooDom\SnooDom.Shared\SnooDom.Shared.vcxitems*{f21692c7-0955-4e64-a684-2272f0e7b664}*SharedItemsImports = 4
		SnooStreamBackground\SnooStreamBackground.Shared\SnooStreamBackground.Shared.vcxitems*{21cec526-5230-497d-b1b9-adf599b265f3}*SharedItemsImports = 4
		GifRenderer\GifRenderer.Shared\GifRenderer.Shared.vcxitems*{03efe940-9e63-48f1-9194-71bd3676fb3b}*SharedItemsImports = 4
		GifRenderer\GifRenderer.Shared\GifRenderer.Shared.vcxitems*{57985df4-90bc-4b9f-b1fc-291a30a48156}*SharedItemsImports = 4
		SnooStream\SnooStream.Shared\SnooStream.Shared.projitems*{7773c3f4-7f7f-47a2-9555-1d0d2dc7a3bf}*SharedItemsImports = 4
		SnooStream\SnooStream.Shared\SnooStream.Shared.projitems*{6c8373cd-ebf7-455d-ad4a-a26fd89a479d}*SharedItemsImports = 13
		SnooStreamBackground\SnooStreamBackground.Shared\SnooStreamBackground.Shared.vcxitems*{462a08ba-a466-47e9-bdbe-a2d3247ae88a}*SharedItemsImports = 9
		GifRenderer\GifRenderer.Shared\GifRenderer.Shared.vcxitems*{ed38c92b-f8d2-459b-9a7f-4a215d689993}*SharedItemsImports = 9
		SnooDom\SnooDom.Shared\SnooDom.Shared.vcxitems*{3434fe66-ee43-4c14-ad32-b6ebdb174c7e}*SharedItemsImports = 4
	EndGlobalSection
	GlobalSection(SolutionConfigurationPlatforms) = preSolution
		Debug|Any CPU = Debug|Any CPU
		Debug|ARM = Debug|ARM
		Debug|Mixed Platforms = Debug|Mixed Platforms
		Debug|Win32 = Debug|Win32
		Debug|x64 = Debug|x64
		Debug|x86 = Debug|x86
		Release|Any CPU = Release|Any CPU
		Release|ARM = Release|ARM
		Release|Mixed Platforms = Release|Mixed Platforms
		Release|Win32 = Release|Win32
		Release|x64 = Release|x64
		Release|x86 = Release|x86
		Release2|Any CPU = Release2|Any CPU
		Release2|ARM = Release2|ARM
		Release2|Mixed Platforms = Release2|Mixed Platforms
		Release2|Win32 = Release2|Win32
		Release2|x64 = Release2|x64
		Release2|x86 = Release2|x86
	EndGlobalSection
	GlobalSection(ProjectConfigurationPlatforms) = postSolution
		{57985DF4-90BC-4B9F-B1FC-291A30A48156}.Debug|Any CPU.ActiveCfg = Debug|Win32
		{57985DF4-90BC-4B9F-B1FC-291A30A48156}.Debug|ARM.ActiveCfg = Debug|ARM
		{57985DF4-90BC-4B9F-B1FC-291A30A48156}.Debug|ARM.Build.0 = Debug|ARM
		{57985DF4-90BC-4B9F-B1FC-291A30A48156}.Debug|Mixed Platforms.ActiveCfg = Debug|Win32
		{57985DF4-90BC-4B9F-B1FC-291A30A48156}.Debug|Mixed Platforms.Build.0 = Debug|Win32
		{57985DF4-90BC-4B9F-B1FC-291A30A48156}.Debug|Win32.ActiveCfg = Debug|Win32
		{57985DF4-90BC-4B9F-B1FC-291A30A48156}.Debug|Win32.Build.0 = Debug|Win32
		{57985DF4-90BC-4B9F-B1FC-291A30A48156}.Debug|x64.ActiveCfg = Debug|Win32
		{57985DF4-90BC-4B9F-B1FC-291A30A48156}.Debug|x86.ActiveCfg = Debug|Win32
		{57985DF4-90BC-4B9F-B1FC-291A30A48156}.Debug|x86.Build.0 = Debug|Win32
		{57985DF4-90BC-4B9F-B1FC-291A30A48156}.Release|Any CPU.ActiveCfg = Release|Win32
		{57985DF4-90BC-4B9F-B1FC-291A30A48156}.Release|ARM.ActiveCfg = Release|ARM
		{57985DF4-90BC-4B9F-B1FC-291A30A48156}.Release|ARM.Build.0 = Release|ARM
		{57985DF4-90BC-4B9F-B1FC-291A30A48156}.Release|Mixed Platforms.ActiveCfg = Release|Win32
		{57985DF4-90BC-4B9F-B1FC-291A30A48156}.Release|Mixed Platforms.Build.0 = Release|Win32
		{57985DF4-90BC-4B9F-B1FC-291A30A48156}.Release|Win32.ActiveCfg = Release|Win32
		{57985DF4-90BC-4B9F-B1FC-291A30A48156}.Release|Win32.Build.0 = Release|Win32
		{57985DF4-90BC-4B9F-B1FC-291A30A48156}.Release|x64.ActiveCfg = Release|Win32
		{57985DF4-90BC-4B9F-B1FC-291A30A48156}.Release|x86.ActiveCfg = Release|Win32
		{57985DF4-90BC-4B9F-B1FC-291A30A48156}.Release|x86.Build.0 = Release|Win32
		{57985DF4-90BC-4B9F-B1FC-291A30A48156}.Release2|Any CPU.ActiveCfg = Release|Win32
		{57985DF4-90BC-4B9F-B1FC-291A30A48156}.Release2|ARM.ActiveCfg = Release|ARM
		{57985DF4-90BC-4B9F-B1FC-291A30A48156}.Release2|ARM.Build.0 = Release|ARM
		{57985DF4-90BC-4B9F-B1FC-291A30A48156}.Release2|Mixed Platforms.ActiveCfg = Release|Win32
		{57985DF4-90BC-4B9F-B1FC-291A30A48156}.Release2|Mixed Platforms.Build.0 = Release|Win32
		{57985DF4-90BC-4B9F-B1FC-291A30A48156}.Release2|Win32.ActiveCfg = Release|Win32
		{57985DF4-90BC-4B9F-B1FC-291A30A48156}.Release2|Win32.Build.0 = Release|Win32
		{57985DF4-90BC-4B9F-B1FC-291A30A48156}.Release2|x64.ActiveCfg = Release|Win32
		{57985DF4-90BC-4B9F-B1FC-291A30A48156}.Release2|x86.ActiveCfg = Release|Win32
		{57985DF4-90BC-4B9F-B1FC-291A30A48156}.Release2|x86.Build.0 = Release|Win32
		{03EFE940-9E63-48F1-9194-71BD3676FB3B}.Debug|Any CPU.ActiveCfg = Debug|Win32
		{03EFE940-9E63-48F1-9194-71BD3676FB3B}.Debug|ARM.ActiveCfg = Debug|ARM
		{03EFE940-9E63-48F1-9194-71BD3676FB3B}.Debug|ARM.Build.0 = Debug|ARM
		{03EFE940-9E63-48F1-9194-71BD3676FB3B}.Debug|Mixed Platforms.ActiveCfg = Debug|Win32
		{03EFE940-9E63-48F1-9194-71BD3676FB3B}.Debug|Mixed Platforms.Build.0 = Debug|Win32
		{03EFE940-9E63-48F1-9194-71BD3676FB3B}.Debug|Win32.ActiveCfg = Debug|Win32
		{03EFE940-9E63-48F1-9194-71BD3676FB3B}.Debug|Win32.Build.0 = Debug|Win32
		{03EFE940-9E63-48F1-9194-71BD3676FB3B}.Debug|x64.ActiveCfg = Debug|x64
		{03EFE940-9E63-48F1-9194-71BD3676FB3B}.Debug|x64.Build.0 = Debug|x64
		{03EFE940-9E63-48F1-9194-71BD3676FB3B}.Debug|x86.ActiveCfg = Debug|Win32
		{03EFE940-9E63-48F1-9194-71BD3676FB3B}.Debug|x86.Build.0 = Debug|Win32
		{03EFE940-9E63-48F1-9194-71BD3676FB3B}.Release|Any CPU.ActiveCfg = Release|Win32
		{03EFE940-9E63-48F1-9194-71BD3676FB3B}.Release|ARM.ActiveCfg = Release|ARM
		{03EFE940-9E63-48F1-9194-71BD3676FB3B}.Release|ARM.Build.0 = Release|ARM
		{03EFE940-9E63-48F1-9194-71BD3676FB3B}.Release|Mixed Platforms.ActiveCfg = Release|Win32
		{03EFE940-9E63-48F1-9194-71BD3676FB3B}.Release|Mixed Platforms.Build.0 = Release|Win32
		{03EFE940-9E63-48F1-9194-71BD3676FB3B}.Release|Win32.ActiveCfg = Release|Win32
		{03EFE940-9E63-48F1-9194-71BD3676FB3B}.Release|Win32.Build.0 = Release|Win32
		{03EFE940-9E63-48F1-9194-71BD3676FB3B}.Release|x64.ActiveCfg = Release|x64
		{03EFE940-9E63-48F1-9194-71BD3676FB3B}.Release|x64.Build.0 = Release|x64
		{03EFE940-9E63-48F1-9194-71BD3676FB3B}.Release|x86.ActiveCfg = Release|Win32
		{03EFE940-9E63-48F1-9194-71BD3676FB3B}.Release|x86.Build.0 = Release|Win32
		{03EFE940-9E63-48F1-9194-71BD3676FB3B}.Release2|Any CPU.ActiveCfg = Release|Win32
		{03EFE940-9E63-48F1-9194-71BD3676FB3B}.Release2|ARM.ActiveCfg = Release|ARM
		{03EFE940-9E63-48F1-9194-71BD3676FB3B}.Release2|ARM.Build.0 = Release|ARM
		{03EFE940-9E63-48F1-9194-71BD3676FB3B}.Release2|Mixed Platforms.ActiveCfg = Release|Win32
		{03EFE940-9E63-48F1-9194-71BD3676FB3B}.Release2|Mixed Platforms.Build.0 = Release|Win32
		{03EFE940-9E63-48F1-9194-71BD3676FB3B}.Release2|Win32.ActiveCfg = Release|Win32
		{03EFE940-9E63-48F1-9194-71BD3676FB3B}.Release2|Win32.Build.0 = Release|Win32
		{03EFE940-9E63-48F1-9194-71BD3676FB3B}.Release2|x64.ActiveCfg = Release|x64
		{03EFE940-9E63-48F1-9194-71BD3676FB3B}.Release2|x64.Build.0 = Release|x64
		{03EFE940-9E63-48F1-9194-71BD3676FB3B}.Release2|x86.ActiveCfg = Release|Win32
		{03EFE940-9E63-48F1-9194-71BD3676FB3B}.Release2|x86.Build.0 = Release|Win32
		{3434FE66-EE43-4C14-AD32-B6EBDB174C7E}.Debug|Any CPU.ActiveCfg = Debug|Win32
		{3434FE66-EE43-4C14-AD32-B6EBDB174C7E}.Debug|ARM.ActiveCfg = Debug|ARM
		{3434FE66-EE43-4C14-AD32-B6EBDB174C7E}.Debug|ARM.Build.0 = Debug|ARM
		{3434FE66-EE43-4C14-AD32-B6EBDB174C7E}.Debug|Mixed Platforms.ActiveCfg = Debug|Win32
		{3434FE66-EE43-4C14-AD32-B6EBDB174C7E}.Debug|Mixed Platforms.Build.0 = Debug|Win32
		{3434FE66-EE43-4C14-AD32-B6EBDB174C7E}.Debug|Win32.ActiveCfg = Debug|Win32
		{3434FE66-EE43-4C14-AD32-B6EBDB174C7E}.Debug|Win32.Build.0 = Debug|Win32
		{3434FE66-EE43-4C14-AD32-B6EBDB174C7E}.Debug|x64.ActiveCfg = Debug|Win32
		{3434FE66-EE43-4C14-AD32-B6EBDB174C7E}.Debug|x86.ActiveCfg = Debug|Win32
		{3434FE66-EE43-4C14-AD32-B6EBDB174C7E}.Debug|x86.Build.0 = Debug|Win32
		{3434FE66-EE43-4C14-AD32-B6EBDB174C7E}.Release|Any CPU.ActiveCfg = Release|Win32
		{3434FE66-EE43-4C14-AD32-B6EBDB174C7E}.Release|ARM.ActiveCfg = Release|ARM
		{3434FE66-EE43-4C14-AD32-B6EBDB174C7E}.Release|ARM.Build.0 = Release|ARM
		{3434FE66-EE43-4C14-AD32-B6EBDB174C7E}.Release|Mixed Platforms.ActiveCfg = Release|Win32
		{3434FE66-EE43-4C14-AD32-B6EBDB174C7E}.Release|Mixed Platforms.Build.0 = Release|Win32
		{3434FE66-EE43-4C14-AD32-B6EBDB174C7E}.Release|Win32.ActiveCfg = Release|Win32
		{3434FE66-EE43-4C14-AD32-B6EBDB174C7E}.Release|Win32.Build.0 = Release|Win32
		{3434FE66-EE43-4C14-AD32-B6EBDB174C7E}.Release|x64.ActiveCfg = Release|Win32
		{3434FE66-EE43-4C14-AD32-B6EBDB174C7E}.Release|x86.ActiveCfg = Release|Win32
		{3434FE66-EE43-4C14-AD32-B6EBDB174C7E}.Release|x86.Build.0 = Release|Win32
		{3434FE66-EE43-4C14-AD32-B6EBDB174C7E}.Release2|Any CPU.ActiveCfg = Release|Win32
		{3434FE66-EE43-4C14-AD32-B6EBDB174C7E}.Release2|ARM.ActiveCfg = Release|ARM
		{3434FE66-EE43-4C14-AD32-B6EBDB174C7E}.Release2|ARM.Build.0 = Release|ARM
		{3434FE66-EE43-4C14-AD32-B6EBDB174C7E}.Release2|Mixed Platforms.ActiveCfg = Release|Win32
		{3434FE66-EE43-4C14-AD32-B6EBDB174C7E}.Release2|Mixed Platforms.Build.0 = Release|Win32
		{3434FE66-EE43-4C14-AD32-B6EBDB174C7E}.Release2|Win32.ActiveCfg = Release|Win32
		{3434FE66-EE43-4C14-AD32-B6EBDB174C7E}.Release2|Win32.Build.0 = Release|Win32
		{3434FE66-EE43-4C14-AD32-B6EBDB174C7E}.Release2|x64.ActiveCfg = Release|Win32
		{3434FE66-EE43-4C14-AD32-B6EBDB174C7E}.Release2|x86.ActiveCfg = Release|Win32
		{3434FE66-EE43-4C14-AD32-B6EBDB174C7E}.Release2|x86.Build.0 = Release|Win32
		{F21692C7-0955-4E64-A684-2272F0E7B664}.Debug|Any CPU.ActiveCfg = Debug|Win32
		{F21692C7-0955-4E64-A684-2272F0E7B664}.Debug|ARM.ActiveCfg = Debug|ARM
		{F21692C7-0955-4E64-A684-2272F0E7B664}.Debug|ARM.Build.0 = Debug|ARM
		{F21692C7-0955-4E64-A684-2272F0E7B664}.Debug|Mixed Platforms.ActiveCfg = Debug|Win32
		{F21692C7-0955-4E64-A684-2272F0E7B664}.Debug|Mixed Platforms.Build.0 = Debug|Win32
		{F21692C7-0955-4E64-A684-2272F0E7B664}.Debug|Win32.ActiveCfg = Debug|Win32
		{F21692C7-0955-4E64-A684-2272F0E7B664}.Debug|Win32.Build.0 = Debug|Win32
		{F21692C7-0955-4E64-A684-2272F0E7B664}.Debug|x64.ActiveCfg = Debug|x64
		{F21692C7-0955-4E64-A684-2272F0E7B664}.Debug|x64.Build.0 = Debug|x64
		{F21692C7-0955-4E64-A684-2272F0E7B664}.Debug|x86.ActiveCfg = Debug|Win32
		{F21692C7-0955-4E64-A684-2272F0E7B664}.Debug|x86.Build.0 = Debug|Win32
		{F21692C7-0955-4E64-A684-2272F0E7B664}.Release|Any CPU.ActiveCfg = Release|Win32
		{F21692C7-0955-4E64-A684-2272F0E7B664}.Release|ARM.ActiveCfg = Release|ARM
		{F21692C7-0955-4E64-A684-2272F0E7B664}.Release|ARM.Build.0 = Release|ARM
		{F21692C7-0955-4E64-A684-2272F0E7B664}.Release|Mixed Platforms.ActiveCfg = Release|Win32
		{F21692C7-0955-4E64-A684-2272F0E7B664}.Release|Mixed Platforms.Build.0 = Release|Win32
		{F21692C7-0955-4E64-A684-2272F0E7B664}.Release|Win32.ActiveCfg = Release|Win32
		{F21692C7-0955-4E64-A684-2272F0E7B664}.Release|Win32.Build.0 = Release|Win32
		{F21692C7-0955-4E64-A684-2272F0E7B664}.Release|x64.ActiveCfg = Release|x64
		{F21692C7-0955-4E64-A684-2272F0E7B664}.Release|x64.Build.0 = Release|x64
		{F21692C7-0955-4E64-A684-2272F0E7B664}.Release|x86.ActiveCfg = Release|Win32
		{F21692C7-0955-4E64-A684-2272F0E7B664}.Release|x86.Build.0 = Release|Win32
		{F21692C7-0955-4E64-A684-2272F0E7B664}.Release2|Any CPU.ActiveCfg = Release|Win32
		{F21692C7-0955-4E64-A684-2272F0E7B664}.Release2|ARM.ActiveCfg = Release|ARM
		{F21692C7-0955-4E64-A684-2272F0E7B664}.Release2|ARM.Build.0 = Release|ARM
		{F21692C7-0955-4E64-A684-2272F0E7B664}.Release2|Mixed Platforms.ActiveCfg = Release|Win32
		{F21692C7-0955-4E64-A684-2272F0E7B664}.Release2|Mixed Platforms.Build.0 = Release|Win32
		{F21692C7-0955-4E64-A684-2272F0E7B664}.Release2|Win32.ActiveCfg = Release|Win32
		{F21692C7-0955-4E64-A684-2272F0E7B664}.Release2|Win32.Build.0 = Release|Win32
		{F21692C7-0955-4E64-A684-2272F0E7B664}.Release2|x64.ActiveCfg = Release|x64
		{F21692C7-0955-4E64-A684-2272F0E7B664}.Release2|x64.Build.0 = Release|x64
		{F21692C7-0955-4E64-A684-2272F0E7B664}.Release2|x86.ActiveCfg = Release|Win32
		{F21692C7-0955-4E64-A684-2272F0E7B664}.Release2|x86.Build.0 = Release|Win32
		{DAF4D2B8-E906-422A-B53A-C57DBA2AE94D}.Debug|Any CPU.ActiveCfg = Debug|Any CPU
		{DAF4D2B8-E906-422A-B53A-C57DBA2AE94D}.Debug|Any CPU.Build.0 = Debug|Any CPU
		{DAF4D2B8-E906-422A-B53A-C57DBA2AE94D}.Debug|ARM.ActiveCfg = Debug|Any CPU
		{DAF4D2B8-E906-422A-B53A-C57DBA2AE94D}.Debug|ARM.Build.0 = Debug|Any CPU
		{DAF4D2B8-E906-422A-B53A-C57DBA2AE94D}.Debug|Mixed Platforms.ActiveCfg = Debug|Any CPU
		{DAF4D2B8-E906-422A-B53A-C57DBA2AE94D}.Debug|Mixed Platforms.Build.0 = Debug|Any CPU
		{DAF4D2B8-E906-422A-B53A-C57DBA2AE94D}.Debug|Win32.ActiveCfg = Debug|Any CPU
		{DAF4D2B8-E906-422A-B53A-C57DBA2AE94D}.Debug|x64.ActiveCfg = Debug|Any CPU
		{DAF4D2B8-E906-422A-B53A-C57DBA2AE94D}.Debug|x64.Build.0 = Debug|Any CPU
		{DAF4D2B8-E906-422A-B53A-C57DBA2AE94D}.Debug|x86.ActiveCfg = Debug|Any CPU
		{DAF4D2B8-E906-422A-B53A-C57DBA2AE94D}.Debug|x86.Build.0 = Debug|Any CPU
		{DAF4D2B8-E906-422A-B53A-C57DBA2AE94D}.Release|Any CPU.ActiveCfg = Release|Any CPU
		{DAF4D2B8-E906-422A-B53A-C57DBA2AE94D}.Release|Any CPU.Build.0 = Release|Any CPU
		{DAF4D2B8-E906-422A-B53A-C57DBA2AE94D}.Release|ARM.ActiveCfg = Release|Any CPU
		{DAF4D2B8-E906-422A-B53A-C57DBA2AE94D}.Release|ARM.Build.0 = Release|Any CPU
		{DAF4D2B8-E906-422A-B53A-C57DBA2AE94D}.Release|Mixed Platforms.ActiveCfg = Release|Any CPU
		{DAF4D2B8-E906-422A-B53A-C57DBA2AE94D}.Release|Mixed Platforms.Build.0 = Release|Any CPU
		{DAF4D2B8-E906-422A-B53A-C57DBA2AE94D}.Release|Win32.ActiveCfg = Release|Any CPU
		{DAF4D2B8-E906-422A-B53A-C57DBA2AE94D}.Release|x64.ActiveCfg = Release|Any CPU
		{DAF4D2B8-E906-422A-B53A-C57DBA2AE94D}.Release|x86.ActiveCfg = Release|Any CPU
		{DAF4D2B8-E906-422A-B53A-C57DBA2AE94D}.Release|x86.Build.0 = Release|Any CPU
		{DAF4D2B8-E906-422A-B53A-C57DBA2AE94D}.Release2|Any CPU.ActiveCfg = Release2|Any CPU
		{DAF4D2B8-E906-422A-B53A-C57DBA2AE94D}.Release2|Any CPU.Build.0 = Release2|Any CPU
		{DAF4D2B8-E906-422A-B53A-C57DBA2AE94D}.Release2|ARM.ActiveCfg = Release2|Any CPU
		{DAF4D2B8-E906-422A-B53A-C57DBA2AE94D}.Release2|ARM.Build.0 = Release2|Any CPU
		{DAF4D2B8-E906-422A-B53A-C57DBA2AE94D}.Release2|Mixed Platforms.ActiveCfg = Release2|Any CPU
		{DAF4D2B8-E906-422A-B53A-C57DBA2AE94D}.Release2|Mixed Platforms.Build.0 = Release2|Any CPU
		{DAF4D2B8-E906-422A-B53A-C57DBA2AE94D}.Release2|Win32.ActiveCfg = Release2|Any CPU
		{DAF4D2B8-E906-422A-B53A-C57DBA2AE94D}.Release2|x64.ActiveCfg = Release2|Any CPU
		{DAF4D2B8-E906-422A-B53A-C57DBA2AE94D}.Release2|x86.ActiveCfg = Release2|Any CPU
		{17272736-FE78-416B-96C4-90FCF0BEA45B}.Debug|Any CPU.ActiveCfg = Debug|Any CPU
		{17272736-FE78-416B-96C4-90FCF0BEA45B}.Debug|Any CPU.Build.0 = Debug|Any CPU
		{17272736-FE78-416B-96C4-90FCF0BEA45B}.Debug|ARM.ActiveCfg = Debug|Any CPU
		{17272736-FE78-416B-96C4-90FCF0BEA45B}.Debug|ARM.Build.0 = Debug|Any CPU
		{17272736-FE78-416B-96C4-90FCF0BEA45B}.Debug|Mixed Platforms.ActiveCfg = Debug|Any CPU
		{17272736-FE78-416B-96C4-90FCF0BEA45B}.Debug|Mixed Platforms.Build.0 = Debug|Any CPU
		{17272736-FE78-416B-96C4-90FCF0BEA45B}.Debug|Win32.ActiveCfg = Debug|Any CPU
		{17272736-FE78-416B-96C4-90FCF0BEA45B}.Debug|x64.ActiveCfg = Debug|Any CPU
		{17272736-FE78-416B-96C4-90FCF0BEA45B}.Debug|x64.Build.0 = Debug|Any CPU
		{17272736-FE78-416B-96C4-90FCF0BEA45B}.Debug|x86.ActiveCfg = Debug|Any CPU
		{17272736-FE78-416B-96C4-90FCF0BEA45B}.Debug|x86.Build.0 = Debug|Any CPU
		{17272736-FE78-416B-96C4-90FCF0BEA45B}.Release|Any CPU.ActiveCfg = Release|Any CPU
		{17272736-FE78-416B-96C4-90FCF0BEA45B}.Release|Any CPU.Build.0 = Release|Any CPU
		{17272736-FE78-416B-96C4-90FCF0BEA45B}.Release|ARM.ActiveCfg = Release|Any CPU
		{17272736-FE78-416B-96C4-90FCF0BEA45B}.Release|ARM.Build.0 = Release|Any CPU
		{17272736-FE78-416B-96C4-90FCF0BEA45B}.Release|Mixed Platforms.ActiveCfg = Release|Any CPU
		{17272736-FE78-416B-96C4-90FCF0BEA45B}.Release|Mixed Platforms.Build.0 = Release|Any CPU
		{17272736-FE78-416B-96C4-90FCF0BEA45B}.Release|Win32.ActiveCfg = Release|Any CPU
		{17272736-FE78-416B-96C4-90FCF0BEA45B}.Release|x64.ActiveCfg = Release|Any CPU
		{17272736-FE78-416B-96C4-90FCF0BEA45B}.Release|x86.ActiveCfg = Release|Any CPU
		{17272736-FE78-416B-96C4-90FCF0BEA45B}.Release|x86.Build.0 = Release|Any CPU
		{17272736-FE78-416B-96C4-90FCF0BEA45B}.Release2|Any CPU.ActiveCfg = Release2|Any CPU
		{17272736-FE78-416B-96C4-90FCF0BEA45B}.Release2|Any CPU.Build.0 = Release2|Any CPU
		{17272736-FE78-416B-96C4-90FCF0BEA45B}.Release2|ARM.ActiveCfg = Release2|Any CPU
		{17272736-FE78-416B-96C4-90FCF0BEA45B}.Release2|ARM.Build.0 = Release2|Any CPU
		{17272736-FE78-416B-96C4-90FCF0BEA45B}.Release2|Mixed Platforms.ActiveCfg = Release2|Any CPU
		{17272736-FE78-416B-96C4-90FCF0BEA45B}.Release2|Mixed Platforms.Build.0 = Release2|Any CPU
		{17272736-FE78-416B-96C4-90FCF0BEA45B}.Release2|Win32.ActiveCfg = Release2|Any CPU
		{17272736-FE78-416B-96C4-90FCF0BEA45B}.Release2|x64.ActiveCfg = Release2|Any CPU
		{17272736-FE78-416B-96C4-90FCF0BEA45B}.Release2|x86.ActiveCfg = Release2|Any CPU
		{7773C3F4-7F7F-47A2-9555-1D0D2DC7A3BF}.Debug|Any CPU.ActiveCfg = Debug|Any CPU
		{7773C3F4-7F7F-47A2-9555-1D0D2DC7A3BF}.Debug|Any CPU.Build.0 = Debug|Any CPU
		{7773C3F4-7F7F-47A2-9555-1D0D2DC7A3BF}.Debug|Any CPU.Deploy.0 = Debug|Any CPU
		{7773C3F4-7F7F-47A2-9555-1D0D2DC7A3BF}.Debug|ARM.ActiveCfg = Debug|ARM
		{7773C3F4-7F7F-47A2-9555-1D0D2DC7A3BF}.Debug|ARM.Build.0 = Debug|ARM
		{7773C3F4-7F7F-47A2-9555-1D0D2DC7A3BF}.Debug|ARM.Deploy.0 = Debug|ARM
		{7773C3F4-7F7F-47A2-9555-1D0D2DC7A3BF}.Debug|Mixed Platforms.ActiveCfg = Debug|x86
		{7773C3F4-7F7F-47A2-9555-1D0D2DC7A3BF}.Debug|Mixed Platforms.Build.0 = Debug|x86
		{7773C3F4-7F7F-47A2-9555-1D0D2DC7A3BF}.Debug|Mixed Platforms.Deploy.0 = Debug|x86
		{7773C3F4-7F7F-47A2-9555-1D0D2DC7A3BF}.Debug|Win32.ActiveCfg = Debug|x86
		{7773C3F4-7F7F-47A2-9555-1D0D2DC7A3BF}.Debug|Win32.Build.0 = Debug|x86
		{7773C3F4-7F7F-47A2-9555-1D0D2DC7A3BF}.Debug|Win32.Deploy.0 = Debug|x86
		{7773C3F4-7F7F-47A2-9555-1D0D2DC7A3BF}.Debug|x64.ActiveCfg = Debug|x64
		{7773C3F4-7F7F-47A2-9555-1D0D2DC7A3BF}.Debug|x64.Build.0 = Debug|x64
		{7773C3F4-7F7F-47A2-9555-1D0D2DC7A3BF}.Debug|x64.Deploy.0 = Debug|x64
		{7773C3F4-7F7F-47A2-9555-1D0D2DC7A3BF}.Debug|x86.ActiveCfg = Debug|x86
		{7773C3F4-7F7F-47A2-9555-1D0D2DC7A3BF}.Debug|x86.Build.0 = Debug|x86
		{7773C3F4-7F7F-47A2-9555-1D0D2DC7A3BF}.Debug|x86.Deploy.0 = Debug|x86
		{7773C3F4-7F7F-47A2-9555-1D0D2DC7A3BF}.Release|Any CPU.ActiveCfg = Release|Any CPU
		{7773C3F4-7F7F-47A2-9555-1D0D2DC7A3BF}.Release|Any CPU.Build.0 = Release|Any CPU
		{7773C3F4-7F7F-47A2-9555-1D0D2DC7A3BF}.Release|Any CPU.Deploy.0 = Release|Any CPU
		{7773C3F4-7F7F-47A2-9555-1D0D2DC7A3BF}.Release|ARM.ActiveCfg = Release|ARM
		{7773C3F4-7F7F-47A2-9555-1D0D2DC7A3BF}.Release|ARM.Build.0 = Release|ARM
		{7773C3F4-7F7F-47A2-9555-1D0D2DC7A3BF}.Release|Mixed Platforms.ActiveCfg = Release|x86
		{7773C3F4-7F7F-47A2-9555-1D0D2DC7A3BF}.Release|Mixed Platforms.Build.0 = Release|x86
		{7773C3F4-7F7F-47A2-9555-1D0D2DC7A3BF}.Release|Mixed Platforms.Deploy.0 = Release|x86
		{7773C3F4-7F7F-47A2-9555-1D0D2DC7A3BF}.Release|Win32.ActiveCfg = Release|x86
		{7773C3F4-7F7F-47A2-9555-1D0D2DC7A3BF}.Release|Win32.Build.0 = Release|x86
		{7773C3F4-7F7F-47A2-9555-1D0D2DC7A3BF}.Release|Win32.Deploy.0 = Release|x86
		{7773C3F4-7F7F-47A2-9555-1D0D2DC7A3BF}.Release|x64.ActiveCfg = Release|x64
		{7773C3F4-7F7F-47A2-9555-1D0D2DC7A3BF}.Release|x64.Build.0 = Release|x64
		{7773C3F4-7F7F-47A2-9555-1D0D2DC7A3BF}.Release|x64.Deploy.0 = Release|x64
		{7773C3F4-7F7F-47A2-9555-1D0D2DC7A3BF}.Release|x86.ActiveCfg = Release|x86
		{7773C3F4-7F7F-47A2-9555-1D0D2DC7A3BF}.Release|x86.Build.0 = Release|x86
		{7773C3F4-7F7F-47A2-9555-1D0D2DC7A3BF}.Release|x86.Deploy.0 = Release|x86
		{7773C3F4-7F7F-47A2-9555-1D0D2DC7A3BF}.Release2|Any CPU.ActiveCfg = Release|Any CPU
		{7773C3F4-7F7F-47A2-9555-1D0D2DC7A3BF}.Release2|Any CPU.Build.0 = Release|Any CPU
		{7773C3F4-7F7F-47A2-9555-1D0D2DC7A3BF}.Release2|Any CPU.Deploy.0 = Release|Any CPU
		{7773C3F4-7F7F-47A2-9555-1D0D2DC7A3BF}.Release2|ARM.ActiveCfg = Release|ARM
		{7773C3F4-7F7F-47A2-9555-1D0D2DC7A3BF}.Release2|ARM.Build.0 = Release|ARM
		{7773C3F4-7F7F-47A2-9555-1D0D2DC7A3BF}.Release2|Mixed Platforms.ActiveCfg = Release|x86
		{7773C3F4-7F7F-47A2-9555-1D0D2DC7A3BF}.Release2|Mixed Platforms.Build.0 = Release|x86
		{7773C3F4-7F7F-47A2-9555-1D0D2DC7A3BF}.Release2|Mixed Platforms.Deploy.0 = Release|x86
		{7773C3F4-7F7F-47A2-9555-1D0D2DC7A3BF}.Release2|Win32.ActiveCfg = Release|x86
		{7773C3F4-7F7F-47A2-9555-1D0D2DC7A3BF}.Release2|Win32.Build.0 = Release|x86
		{7773C3F4-7F7F-47A2-9555-1D0D2DC7A3BF}.Release2|Win32.Deploy.0 = Release|x86
		{7773C3F4-7F7F-47A2-9555-1D0D2DC7A3BF}.Release2|x64.ActiveCfg = Release|x64
		{7773C3F4-7F7F-47A2-9555-1D0D2DC7A3BF}.Release2|x64.Build.0 = Release|x64
		{7773C3F4-7F7F-47A2-9555-1D0D2DC7A3BF}.Release2|x64.Deploy.0 = Release|x64
		{7773C3F4-7F7F-47A2-9555-1D0D2DC7A3BF}.Release2|x86.ActiveCfg = Release|x86
		{7773C3F4-7F7F-47A2-9555-1D0D2DC7A3BF}.Release2|x86.Build.0 = Release|x86
		{7773C3F4-7F7F-47A2-9555-1D0D2DC7A3BF}.Release2|x86.Deploy.0 = Release|x86
		{8885D4F1-92F9-46A0-A375-B14F2D118046}.Debug|Any CPU.ActiveCfg = Debug|Any CPU
		{8885D4F1-92F9-46A0-A375-B14F2D118046}.Debug|Any CPU.Build.0 = Debug|Any CPU
		{8885D4F1-92F9-46A0-A375-B14F2D118046}.Debug|Any CPU.Deploy.0 = Debug|Any CPU
		{8885D4F1-92F9-46A0-A375-B14F2D118046}.Debug|ARM.ActiveCfg = Debug|ARM
		{8885D4F1-92F9-46A0-A375-B14F2D118046}.Debug|ARM.Build.0 = Debug|ARM
		{8885D4F1-92F9-46A0-A375-B14F2D118046}.Debug|ARM.Deploy.0 = Debug|ARM
		{8885D4F1-92F9-46A0-A375-B14F2D118046}.Debug|Mixed Platforms.ActiveCfg = Debug|x86
		{8885D4F1-92F9-46A0-A375-B14F2D118046}.Debug|Mixed Platforms.Build.0 = Debug|x86
		{8885D4F1-92F9-46A0-A375-B14F2D118046}.Debug|Mixed Platforms.Deploy.0 = Debug|x86
		{8885D4F1-92F9-46A0-A375-B14F2D118046}.Debug|Win32.ActiveCfg = Debug|x86
		{8885D4F1-92F9-46A0-A375-B14F2D118046}.Debug|Win32.Build.0 = Debug|x86
		{8885D4F1-92F9-46A0-A375-B14F2D118046}.Debug|Win32.Deploy.0 = Debug|x86
		{8885D4F1-92F9-46A0-A375-B14F2D118046}.Debug|x64.ActiveCfg = Debug|Any CPU
		{8885D4F1-92F9-46A0-A375-B14F2D118046}.Debug|x64.Build.0 = Debug|Any CPU
		{8885D4F1-92F9-46A0-A375-B14F2D118046}.Debug|x86.ActiveCfg = Debug|x86
		{8885D4F1-92F9-46A0-A375-B14F2D118046}.Debug|x86.Build.0 = Debug|x86
		{8885D4F1-92F9-46A0-A375-B14F2D118046}.Debug|x86.Deploy.0 = Debug|x86
		{8885D4F1-92F9-46A0-A375-B14F2D118046}.Release|Any CPU.ActiveCfg = Release|Any CPU
		{8885D4F1-92F9-46A0-A375-B14F2D118046}.Release|Any CPU.Build.0 = Release|Any CPU
		{8885D4F1-92F9-46A0-A375-B14F2D118046}.Release|Any CPU.Deploy.0 = Release|Any CPU
		{8885D4F1-92F9-46A0-A375-B14F2D118046}.Release|ARM.ActiveCfg = Release|ARM
		{8885D4F1-92F9-46A0-A375-B14F2D118046}.Release|ARM.Build.0 = Release|ARM
		{8885D4F1-92F9-46A0-A375-B14F2D118046}.Release|ARM.Deploy.0 = Release|ARM
		{8885D4F1-92F9-46A0-A375-B14F2D118046}.Release|Mixed Platforms.ActiveCfg = Release|x86
		{8885D4F1-92F9-46A0-A375-B14F2D118046}.Release|Mixed Platforms.Build.0 = Release|x86
		{8885D4F1-92F9-46A0-A375-B14F2D118046}.Release|Mixed Platforms.Deploy.0 = Release|x86
		{8885D4F1-92F9-46A0-A375-B14F2D118046}.Release|Win32.ActiveCfg = Release|x86
		{8885D4F1-92F9-46A0-A375-B14F2D118046}.Release|Win32.Build.0 = Release|x86
		{8885D4F1-92F9-46A0-A375-B14F2D118046}.Release|Win32.Deploy.0 = Release|x86
		{8885D4F1-92F9-46A0-A375-B14F2D118046}.Release|x64.ActiveCfg = Release|Any CPU
		{8885D4F1-92F9-46A0-A375-B14F2D118046}.Release|x86.ActiveCfg = Release|x86
		{8885D4F1-92F9-46A0-A375-B14F2D118046}.Release|x86.Build.0 = Release|x86
		{8885D4F1-92F9-46A0-A375-B14F2D118046}.Release|x86.Deploy.0 = Release|x86
		{8885D4F1-92F9-46A0-A375-B14F2D118046}.Release2|Any CPU.ActiveCfg = Release|Any CPU
		{8885D4F1-92F9-46A0-A375-B14F2D118046}.Release2|Any CPU.Build.0 = Release|Any CPU
		{8885D4F1-92F9-46A0-A375-B14F2D118046}.Release2|Any CPU.Deploy.0 = Release|Any CPU
		{8885D4F1-92F9-46A0-A375-B14F2D118046}.Release2|ARM.ActiveCfg = Release|ARM
		{8885D4F1-92F9-46A0-A375-B14F2D118046}.Release2|ARM.Build.0 = Release|ARM
		{8885D4F1-92F9-46A0-A375-B14F2D118046}.Release2|ARM.Deploy.0 = Release|ARM
		{8885D4F1-92F9-46A0-A375-B14F2D118046}.Release2|Mixed Platforms.ActiveCfg = Release|x86
		{8885D4F1-92F9-46A0-A375-B14F2D118046}.Release2|Mixed Platforms.Build.0 = Release|x86
		{8885D4F1-92F9-46A0-A375-B14F2D118046}.Release2|Mixed Platforms.Deploy.0 = Release|x86
		{8885D4F1-92F9-46A0-A375-B14F2D118046}.Release2|Win32.ActiveCfg = Release|x86
		{8885D4F1-92F9-46A0-A375-B14F2D118046}.Release2|Win32.Build.0 = Release|x86
		{8885D4F1-92F9-46A0-A375-B14F2D118046}.Release2|Win32.Deploy.0 = Release|x86
		{8885D4F1-92F9-46A0-A375-B14F2D118046}.Release2|x64.ActiveCfg = Release|Any CPU
		{8885D4F1-92F9-46A0-A375-B14F2D118046}.Release2|x86.ActiveCfg = Release|x86
		{8885D4F1-92F9-46A0-A375-B14F2D118046}.Release2|x86.Build.0 = Release|x86
		{8885D4F1-92F9-46A0-A375-B14F2D118046}.Release2|x86.Deploy.0 = Release|x86
		{21CEC526-5230-497D-B1B9-ADF599B265F3}.Debug|Any CPU.ActiveCfg = Debug|Win32
		{21CEC526-5230-497D-B1B9-ADF599B265F3}.Debug|ARM.ActiveCfg = Debug|ARM
		{21CEC526-5230-497D-B1B9-ADF599B265F3}.Debug|ARM.Build.0 = Debug|ARM
		{21CEC526-5230-497D-B1B9-ADF599B265F3}.Debug|Mixed Platforms.ActiveCfg = Debug|Win32
		{21CEC526-5230-497D-B1B9-ADF599B265F3}.Debug|Mixed Platforms.Build.0 = Debug|Win32
		{21CEC526-5230-497D-B1B9-ADF599B265F3}.Debug|Win32.ActiveCfg = Debug|Win32
		{21CEC526-5230-497D-B1B9-ADF599B265F3}.Debug|Win32.Build.0 = Debug|Win32
		{21CEC526-5230-497D-B1B9-ADF599B265F3}.Debug|x64.ActiveCfg = Debug|x64
		{21CEC526-5230-497D-B1B9-ADF599B265F3}.Debug|x64.Build.0 = Debug|x64
		{21CEC526-5230-497D-B1B9-ADF599B265F3}.Debug|x86.ActiveCfg = Debug|Win32
		{21CEC526-5230-497D-B1B9-ADF599B265F3}.Debug|x86.Build.0 = Debug|Win32
		{21CEC526-5230-497D-B1B9-ADF599B265F3}.Release|Any CPU.ActiveCfg = Release|Win32
		{21CEC526-5230-497D-B1B9-ADF599B265F3}.Release|ARM.ActiveCfg = Release|ARM
		{21CEC526-5230-497D-B1B9-ADF599B265F3}.Release|ARM.Build.0 = Release|ARM
		{21CEC526-5230-497D-B1B9-ADF599B265F3}.Release|Mixed Platforms.ActiveCfg = Release|Win32
		{21CEC526-5230-497D-B1B9-ADF599B265F3}.Release|Mixed Platforms.Build.0 = Release|Win32
		{21CEC526-5230-497D-B1B9-ADF599B265F3}.Release|Win32.ActiveCfg = Release|Win32
		{21CEC526-5230-497D-B1B9-ADF599B265F3}.Release|Win32.Build.0 = Release|Win32
		{21CEC526-5230-497D-B1B9-ADF599B265F3}.Release|x64.ActiveCfg = Release|x64
		{21CEC526-5230-497D-B1B9-ADF599B265F3}.Release|x64.Build.0 = Release|x64
		{21CEC526-5230-497D-B1B9-ADF599B265F3}.Release|x86.ActiveCfg = Release|Win32
		{21CEC526-5230-497D-B1B9-ADF599B265F3}.Release|x86.Build.0 = Release|Win32
		{21CEC526-5230-497D-B1B9-ADF599B265F3}.Release2|Any CPU.ActiveCfg = Release|Win32
		{21CEC526-5230-497D-B1B9-ADF599B265F3}.Release2|ARM.ActiveCfg = Release|ARM
		{21CEC526-5230-497D-B1B9-ADF599B265F3}.Release2|ARM.Build.0 = Release|ARM
		{21CEC526-5230-497D-B1B9-ADF599B265F3}.Release2|Mixed Platforms.ActiveCfg = Release|Win32
		{21CEC526-5230-497D-B1B9-ADF599B265F3}.Release2|Mixed Platforms.Build.0 = Release|Win32
		{21CEC526-5230-497D-B1B9-ADF599B265F3}.Release2|Win32.ActiveCfg = Release|Win32
		{21CEC526-5230-497D-B1B9-ADF599B265F3}.Release2|Win32.Build.0 = Release|Win32
		{21CEC526-5230-497D-B1B9-ADF599B265F3}.Release2|x64.ActiveCfg = Release|x64
		{21CEC526-5230-497D-B1B9-ADF599B265F3}.Release2|x64.Build.0 = Release|x64
		{21CEC526-5230-497D-B1B9-ADF599B265F3}.Release2|x86.ActiveCfg = Release|Win32
		{21CEC526-5230-497D-B1B9-ADF599B265F3}.Release2|x86.Build.0 = Release|Win32
		{D065417F-148C-4421-9034-580A4796D5D8}.Debug|Any CPU.ActiveCfg = Debug|Win32
		{D065417F-148C-4421-9034-580A4796D5D8}.Debug|ARM.ActiveCfg = Debug|ARM
		{D065417F-148C-4421-9034-580A4796D5D8}.Debug|ARM.Build.0 = Debug|ARM
		{D065417F-148C-4421-9034-580A4796D5D8}.Debug|Mixed Platforms.ActiveCfg = Debug|Win32
		{D065417F-148C-4421-9034-580A4796D5D8}.Debug|Mixed Platforms.Build.0 = Debug|Win32
		{D065417F-148C-4421-9034-580A4796D5D8}.Debug|Win32.ActiveCfg = Debug|Win32
		{D065417F-148C-4421-9034-580A4796D5D8}.Debug|Win32.Build.0 = Debug|Win32
		{D065417F-148C-4421-9034-580A4796D5D8}.Debug|x64.ActiveCfg = Debug|Win32
		{D065417F-148C-4421-9034-580A4796D5D8}.Debug|x86.ActiveCfg = Debug|Win32
		{D065417F-148C-4421-9034-580A4796D5D8}.Debug|x86.Build.0 = Debug|Win32
		{D065417F-148C-4421-9034-580A4796D5D8}.Release|Any CPU.ActiveCfg = Release|Win32
		{D065417F-148C-4421-9034-580A4796D5D8}.Release|ARM.ActiveCfg = Release|ARM
		{D065417F-148C-4421-9034-580A4796D5D8}.Release|ARM.Build.0 = Release|ARM
		{D065417F-148C-4421-9034-580A4796D5D8}.Release|Mixed Platforms.ActiveCfg = Release|Win32
		{D065417F-148C-4421-9034-580A4796D5D8}.Release|Mixed Platforms.Build.0 = Release|Win32
		{D065417F-148C-4421-9034-580A4796D5D8}.Release|Win32.ActiveCfg = Release|Win32
		{D065417F-148C-4421-9034-580A4796D5D8}.Release|Win32.Build.0 = Release|Win32
		{D065417F-148C-4421-9034-580A4796D5D8}.Release|x64.ActiveCfg = Release|Win32
		{D065417F-148C-4421-9034-580A4796D5D8}.Release|x86.ActiveCfg = Release|Win32
		{D065417F-148C-4421-9034-580A4796D5D8}.Release|x86.Build.0 = Release|Win32
		{D065417F-148C-4421-9034-580A4796D5D8}.Release2|Any CPU.ActiveCfg = Release|Win32
		{D065417F-148C-4421-9034-580A4796D5D8}.Release2|ARM.ActiveCfg = Release|ARM
		{D065417F-148C-4421-9034-580A4796D5D8}.Release2|ARM.Build.0 = Release|ARM
		{D065417F-148C-4421-9034-580A4796D5D8}.Release2|Mixed Platforms.ActiveCfg = Release|Win32
		{D065417F-148C-4421-9034-580A4796D5D8}.Release2|Mixed Platforms.Build.0 = Release|Win32
		{D065417F-148C-4421-9034-580A4796D5D8}.Release2|Win32.ActiveCfg = Release|Win32
		{D065417F-148C-4421-9034-580A4796D5D8}.Release2|Win32.Build.0 = Release|Win32
		{D065417F-148C-4421-9034-580A4796D5D8}.Release2|x64.ActiveCfg = Release|Win32
		{D065417F-148C-4421-9034-580A4796D5D8}.Release2|x86.ActiveCfg = Release|Win32
		{D065417F-148C-4421-9034-580A4796D5D8}.Release2|x86.Build.0 = Release|Win32
		{D9BAA749-5BBE-4DAE-B5EA-4D70DEF266FC}.Debug|Any CPU.ActiveCfg = Debug|Any CPU
		{D9BAA749-5BBE-4DAE-B5EA-4D70DEF266FC}.Debug|Any CPU.Build.0 = Debug|Any CPU
		{D9BAA749-5BBE-4DAE-B5EA-4D70DEF266FC}.Debug|ARM.ActiveCfg = Debug|Any CPU
		{D9BAA749-5BBE-4DAE-B5EA-4D70DEF266FC}.Debug|ARM.Build.0 = Debug|Any CPU
		{D9BAA749-5BBE-4DAE-B5EA-4D70DEF266FC}.Debug|Mixed Platforms.ActiveCfg = Debug|Any CPU
		{D9BAA749-5BBE-4DAE-B5EA-4D70DEF266FC}.Debug|Mixed Platforms.Build.0 = Debug|Any CPU
		{D9BAA749-5BBE-4DAE-B5EA-4D70DEF266FC}.Debug|Win32.ActiveCfg = Debug|Any CPU
		{D9BAA749-5BBE-4DAE-B5EA-4D70DEF266FC}.Debug|x64.ActiveCfg = Debug|Any CPU
		{D9BAA749-5BBE-4DAE-B5EA-4D70DEF266FC}.Debug|x86.ActiveCfg = Debug|Any CPU
		{D9BAA749-5BBE-4DAE-B5EA-4D70DEF266FC}.Debug|x86.Build.0 = Debug|Any CPU
		{D9BAA749-5BBE-4DAE-B5EA-4D70DEF266FC}.Release|Any CPU.ActiveCfg = Release|Any CPU
		{D9BAA749-5BBE-4DAE-B5EA-4D70DEF266FC}.Release|Any CPU.Build.0 = Release|Any CPU
		{D9BAA749-5BBE-4DAE-B5EA-4D70DEF266FC}.Release|ARM.ActiveCfg = Debug|Any CPU
		{D9BAA749-5BBE-4DAE-B5EA-4D70DEF266FC}.Release|ARM.Build.0 = Debug|Any CPU
		{D9BAA749-5BBE-4DAE-B5EA-4D70DEF266FC}.Release|Mixed Platforms.ActiveCfg = Release|Any CPU
		{D9BAA749-5BBE-4DAE-B5EA-4D70DEF266FC}.Release|Mixed Platforms.Build.0 = Release|Any CPU
		{D9BAA749-5BBE-4DAE-B5EA-4D70DEF266FC}.Release|Win32.ActiveCfg = Release|Any CPU
		{D9BAA749-5BBE-4DAE-B5EA-4D70DEF266FC}.Release|x64.ActiveCfg = Release|Any CPU
		{D9BAA749-5BBE-4DAE-B5EA-4D70DEF266FC}.Release|x86.ActiveCfg = Release|Any CPU
		{D9BAA749-5BBE-4DAE-B5EA-4D70DEF266FC}.Release|x86.Build.0 = Release|Any CPU
		{D9BAA749-5BBE-4DAE-B5EA-4D70DEF266FC}.Release2|Any CPU.ActiveCfg = Release2|Any CPU
		{D9BAA749-5BBE-4DAE-B5EA-4D70DEF266FC}.Release2|Any CPU.Build.0 = Release2|Any CPU
		{D9BAA749-5BBE-4DAE-B5EA-4D70DEF266FC}.Release2|ARM.ActiveCfg = Release2|Any CPU
		{D9BAA749-5BBE-4DAE-B5EA-4D70DEF266FC}.Release2|Mixed Platforms.ActiveCfg = Release2|Any CPU
		{D9BAA749-5BBE-4DAE-B5EA-4D70DEF266FC}.Release2|Mixed Platforms.Build.0 = Release2|Any CPU
		{D9BAA749-5BBE-4DAE-B5EA-4D70DEF266FC}.Release2|Win32.ActiveCfg = Release2|Any CPU
		{D9BAA749-5BBE-4DAE-B5EA-4D70DEF266FC}.Release2|x64.ActiveCfg = Release2|Any CPU
		{D9BAA749-5BBE-4DAE-B5EA-4D70DEF266FC}.Release2|x86.ActiveCfg = Release2|Any CPU
		{9316A5E4-85F8-4833-839F-A2E03C97BD67}.Debug|Any CPU.ActiveCfg = Debug|Any CPU
		{9316A5E4-85F8-4833-839F-A2E03C97BD67}.Debug|Any CPU.Build.0 = Debug|Any CPU
		{9316A5E4-85F8-4833-839F-A2E03C97BD67}.Debug|ARM.ActiveCfg = Debug|Any CPU
		{9316A5E4-85F8-4833-839F-A2E03C97BD67}.Debug|Mixed Platforms.ActiveCfg = Debug|Any CPU
		{9316A5E4-85F8-4833-839F-A2E03C97BD67}.Debug|Mixed Platforms.Build.0 = Debug|Any CPU
		{9316A5E4-85F8-4833-839F-A2E03C97BD67}.Debug|Win32.ActiveCfg = Debug|Any CPU
		{9316A5E4-85F8-4833-839F-A2E03C97BD67}.Debug|x64.ActiveCfg = Debug|Any CPU
		{9316A5E4-85F8-4833-839F-A2E03C97BD67}.Debug|x86.ActiveCfg = Debug|Any CPU
		{9316A5E4-85F8-4833-839F-A2E03C97BD67}.Debug|x86.Build.0 = Debug|Any CPU
		{9316A5E4-85F8-4833-839F-A2E03C97BD67}.Release|Any CPU.ActiveCfg = Release|Any CPU
		{9316A5E4-85F8-4833-839F-A2E03C97BD67}.Release|Any CPU.Build.0 = Release|Any CPU
		{9316A5E4-85F8-4833-839F-A2E03C97BD67}.Release|ARM.ActiveCfg = Release|Any CPU
		{9316A5E4-85F8-4833-839F-A2E03C97BD67}.Release|ARM.Build.0 = Release|Any CPU
		{9316A5E4-85F8-4833-839F-A2E03C97BD67}.Release|Mixed Platforms.ActiveCfg = Release|Any CPU
		{9316A5E4-85F8-4833-839F-A2E03C97BD67}.Release|Mixed Platforms.Build.0 = Release|Any CPU
		{9316A5E4-85F8-4833-839F-A2E03C97BD67}.Release|Win32.ActiveCfg = Release|Any CPU
		{9316A5E4-85F8-4833-839F-A2E03C97BD67}.Release|x64.ActiveCfg = Release|Any CPU
		{9316A5E4-85F8-4833-839F-A2E03C97BD67}.Release|x86.ActiveCfg = Release|Any CPU
		{9316A5E4-85F8-4833-839F-A2E03C97BD67}.Release|x86.Build.0 = Release|Any CPU
		{9316A5E4-85F8-4833-839F-A2E03C97BD67}.Release2|Any CPU.ActiveCfg = Release2|Any CPU
		{9316A5E4-85F8-4833-839F-A2E03C97BD67}.Release2|Any CPU.Build.0 = Release2|Any CPU
		{9316A5E4-85F8-4833-839F-A2E03C97BD67}.Release2|ARM.ActiveCfg = Release2|Any CPU
		{9316A5E4-85F8-4833-839F-A2E03C97BD67}.Release2|Mixed Platforms.ActiveCfg = Release2|Any CPU
		{9316A5E4-85F8-4833-839F-A2E03C97BD67}.Release2|Mixed Platforms.Build.0 = Release2|Any CPU
		{9316A5E4-85F8-4833-839F-A2E03C97BD67}.Release2|Win32.ActiveCfg = Release2|Any CPU
		{9316A5E4-85F8-4833-839F-A2E03C97BD67}.Release2|x64.ActiveCfg = Release2|Any CPU
		{9316A5E4-85F8-4833-839F-A2E03C97BD67}.Release2|x86.ActiveCfg = Release2|Any CPU
	EndGlobalSection
	GlobalSection(SolutionProperties) = preSolution
		HideSolutionNode = FALSE
	EndGlobalSection
	GlobalSection(NestedProjects) = preSolution
		{ED38C92B-F8D2-459B-9A7F-4A215D689993} = {A63CCFBD-164C-4896-9306-25FF73E85DD4}
		{57985DF4-90BC-4B9F-B1FC-291A30A48156} = {A63CCFBD-164C-4896-9306-25FF73E85DD4}
		{03EFE940-9E63-48F1-9194-71BD3676FB3B} = {A63CCFBD-164C-4896-9306-25FF73E85DD4}
		{72096595-CBA5-4D81-938E-20ADCFCC2C15} = {266F8396-F853-4C3B-940B-47CDA92B74A7}
		{3434FE66-EE43-4C14-AD32-B6EBDB174C7E} = {266F8396-F853-4C3B-940B-47CDA92B74A7}
		{F21692C7-0955-4E64-A684-2272F0E7B664} = {266F8396-F853-4C3B-940B-47CDA92B74A7}
		{6C8373CD-EBF7-455D-AD4A-A26FD89A479D} = {6D442C62-86B4-45A6-B470-6D2221A30436}
		{7773C3F4-7F7F-47A2-9555-1D0D2DC7A3BF} = {6D442C62-86B4-45A6-B470-6D2221A30436}
		{8885D4F1-92F9-46A0-A375-B14F2D118046} = {6D442C62-86B4-45A6-B470-6D2221A30436}
		{462A08BA-A466-47E9-BDBE-A2D3247AE88A} = {9E94E870-CEB0-4576-8DDA-E0F956F988DF}
		{21CEC526-5230-497D-B1B9-ADF599B265F3} = {9E94E870-CEB0-4576-8DDA-E0F956F988DF}
		{D065417F-148C-4421-9034-580A4796D5D8} = {9E94E870-CEB0-4576-8DDA-E0F956F988DF}
	EndGlobalSection
	GlobalSection(Performance) = preSolution
		HasPerformanceSessions = true
	EndGlobalSection
EndGlobal
