
Microsoft Visual Studio Solution File, Format Version 12.00
# Visual Studio 14
VisualStudioVersion = 14.0.25123.0
MinimumVisualStudioVersion = 10.0.40219.1
Project("{FAE04EC0-301F-11D3-BF4B-00C04F79EFBC}") = "CommonResourceAcquisition", "CommonResourceAcquisition\CommonResourceAcquisition.csproj", "{9316A5E4-85F8-4833-839F-A2E03C97BD67}"
EndProject
Project("{8BC9CEB8-8B4A-11D0-8D11-00A0C91BC942}") = "GifRendererUniversal", "GifRenderer\GifRendererUniversal\GifRendererUniversal.vcxproj", "{F311FF43-5AEE-4F90-8371-AA1E41E02735}"
EndProject
Project("{FAE04EC0-301F-11D3-BF4B-00C04F79EFBC}") = "NBoilerpipePortable", "NBoilerpipePortable\NBoilerpipePortable.csproj", "{17272736-FE78-416B-96C4-90FCF0BEA45B}"
EndProject
Project("{8BC9CEB8-8B4A-11D0-8D11-00A0C91BC942}") = "SnooDomUniversal", "SnooDom\SnooDomUniversal\SnooDomUniversal.vcxproj", "{21C09002-C4BC-4F4D-ABBD-53D17AD8B1DA}"
EndProject
Project("{FAE04EC0-301F-11D3-BF4B-00C04F79EFBC}") = "SnooSharp", "SnooSharp\SnooSharp.csproj", "{D9BAA749-5BBE-4DAE-B5EA-4D70DEF266FC}"
EndProject
Project("{FAE04EC0-301F-11D3-BF4B-00C04F79EFBC}") = "SnooStream", "SnooStream\SnooStream.csproj", "{BF8F35EA-9ACA-4C97-A433-F2BBE505DEB1}"
EndProject
Project("{FAE04EC0-301F-11D3-BF4B-00C04F79EFBC}") = "SnooStream.Test", "SnooStream.Test\SnooStream.Test.csproj", "{61C9B9E3-5815-4C0F-A548-AA7E30E209A5}"
EndProject
Project("{8BC9CEB8-8B4A-11D0-8D11-00A0C91BC942}") = "SnooStreamBackground", "SnooStreamBackground\SnooStreamBackground.vcxproj", "{C1E801BA-3B29-448B-B434-D552559F8516}"
EndProject
Global
	GlobalSection(SolutionConfigurationPlatforms) = preSolution
		Debug|Any CPU = Debug|Any CPU
		Debug|ARM = Debug|ARM
		Debug|x64 = Debug|x64
		Debug|x86 = Debug|x86
		Release|Any CPU = Release|Any CPU
		Release|ARM = Release|ARM
		Release|x64 = Release|x64
		Release|x86 = Release|x86
		Release2|Any CPU = Release2|Any CPU
		Release2|ARM = Release2|ARM
		Release2|x64 = Release2|x64
		Release2|x86 = Release2|x86
	EndGlobalSection
	GlobalSection(ProjectConfigurationPlatforms) = postSolution
		{9316A5E4-85F8-4833-839F-A2E03C97BD67}.Debug|Any CPU.ActiveCfg = Debug|Any CPU
		{9316A5E4-85F8-4833-839F-A2E03C97BD67}.Debug|Any CPU.Build.0 = Debug|Any CPU
		{9316A5E4-85F8-4833-839F-A2E03C97BD67}.Debug|ARM.ActiveCfg = Debug|Any CPU
		{9316A5E4-85F8-4833-839F-A2E03C97BD67}.Debug|ARM.Build.0 = Debug|Any CPU
		{9316A5E4-85F8-4833-839F-A2E03C97BD67}.Debug|x64.ActiveCfg = Debug|Any CPU
		{9316A5E4-85F8-4833-839F-A2E03C97BD67}.Debug|x64.Build.0 = Debug|Any CPU
		{9316A5E4-85F8-4833-839F-A2E03C97BD67}.Debug|x86.ActiveCfg = Debug|Any CPU
		{9316A5E4-85F8-4833-839F-A2E03C97BD67}.Debug|x86.Build.0 = Debug|Any CPU
		{9316A5E4-85F8-4833-839F-A2E03C97BD67}.Release|Any CPU.ActiveCfg = Release|Any CPU
		{9316A5E4-85F8-4833-839F-A2E03C97BD67}.Release|Any CPU.Build.0 = Release|Any CPU
		{9316A5E4-85F8-4833-839F-A2E03C97BD67}.Release|ARM.ActiveCfg = Release|Any CPU
		{9316A5E4-85F8-4833-839F-A2E03C97BD67}.Release|ARM.Build.0 = Release|Any CPU
		{9316A5E4-85F8-4833-839F-A2E03C97BD67}.Release|x64.ActiveCfg = Release|Any CPU
		{9316A5E4-85F8-4833-839F-A2E03C97BD67}.Release|x64.Build.0 = Release|Any CPU
		{9316A5E4-85F8-4833-839F-A2E03C97BD67}.Release|x86.ActiveCfg = Release|Any CPU
		{9316A5E4-85F8-4833-839F-A2E03C97BD67}.Release|x86.Build.0 = Release|Any CPU
		{9316A5E4-85F8-4833-839F-A2E03C97BD67}.Release2|Any CPU.ActiveCfg = Release|Any CPU
		{9316A5E4-85F8-4833-839F-A2E03C97BD67}.Release2|Any CPU.Build.0 = Release|Any CPU
		{9316A5E4-85F8-4833-839F-A2E03C97BD67}.Release2|ARM.ActiveCfg = Release|Any CPU
		{9316A5E4-85F8-4833-839F-A2E03C97BD67}.Release2|ARM.Build.0 = Release|Any CPU
		{9316A5E4-85F8-4833-839F-A2E03C97BD67}.Release2|x64.ActiveCfg = Release|Any CPU
		{9316A5E4-85F8-4833-839F-A2E03C97BD67}.Release2|x64.Build.0 = Release|Any CPU
		{9316A5E4-85F8-4833-839F-A2E03C97BD67}.Release2|x86.ActiveCfg = Release|Any CPU
		{9316A5E4-85F8-4833-839F-A2E03C97BD67}.Release2|x86.Build.0 = Release|Any CPU
		{F311FF43-5AEE-4F90-8371-AA1E41E02735}.Debug|Any CPU.ActiveCfg = Debug|Win32
		{F311FF43-5AEE-4F90-8371-AA1E41E02735}.Debug|ARM.ActiveCfg = Debug|ARM
		{F311FF43-5AEE-4F90-8371-AA1E41E02735}.Debug|ARM.Build.0 = Debug|ARM
		{F311FF43-5AEE-4F90-8371-AA1E41E02735}.Debug|x64.ActiveCfg = Debug|x64
		{F311FF43-5AEE-4F90-8371-AA1E41E02735}.Debug|x64.Build.0 = Debug|x64
		{F311FF43-5AEE-4F90-8371-AA1E41E02735}.Debug|x86.ActiveCfg = Debug|Win32
		{F311FF43-5AEE-4F90-8371-AA1E41E02735}.Debug|x86.Build.0 = Debug|Win32
		{F311FF43-5AEE-4F90-8371-AA1E41E02735}.Release|Any CPU.ActiveCfg = Release|Win32
		{F311FF43-5AEE-4F90-8371-AA1E41E02735}.Release|ARM.ActiveCfg = Release|ARM
		{F311FF43-5AEE-4F90-8371-AA1E41E02735}.Release|ARM.Build.0 = Release|ARM
		{F311FF43-5AEE-4F90-8371-AA1E41E02735}.Release|x64.ActiveCfg = Release|x64
		{F311FF43-5AEE-4F90-8371-AA1E41E02735}.Release|x64.Build.0 = Release|x64
		{F311FF43-5AEE-4F90-8371-AA1E41E02735}.Release|x86.ActiveCfg = Release|Win32
		{F311FF43-5AEE-4F90-8371-AA1E41E02735}.Release|x86.Build.0 = Release|Win32
		{F311FF43-5AEE-4F90-8371-AA1E41E02735}.Release2|Any CPU.ActiveCfg = Release|x64
		{F311FF43-5AEE-4F90-8371-AA1E41E02735}.Release2|Any CPU.Build.0 = Release|x64
		{F311FF43-5AEE-4F90-8371-AA1E41E02735}.Release2|ARM.ActiveCfg = Release|ARM
		{F311FF43-5AEE-4F90-8371-AA1E41E02735}.Release2|ARM.Build.0 = Release|ARM
		{F311FF43-5AEE-4F90-8371-AA1E41E02735}.Release2|x64.ActiveCfg = Release|x64
		{F311FF43-5AEE-4F90-8371-AA1E41E02735}.Release2|x64.Build.0 = Release|x64
		{F311FF43-5AEE-4F90-8371-AA1E41E02735}.Release2|x86.ActiveCfg = Release|Win32
		{F311FF43-5AEE-4F90-8371-AA1E41E02735}.Release2|x86.Build.0 = Release|Win32
		{17272736-FE78-416B-96C4-90FCF0BEA45B}.Debug|Any CPU.ActiveCfg = Debug|Any CPU
		{17272736-FE78-416B-96C4-90FCF0BEA45B}.Debug|Any CPU.Build.0 = Debug|Any CPU
		{17272736-FE78-416B-96C4-90FCF0BEA45B}.Debug|ARM.ActiveCfg = Debug|Any CPU
		{17272736-FE78-416B-96C4-90FCF0BEA45B}.Debug|ARM.Build.0 = Debug|Any CPU
		{17272736-FE78-416B-96C4-90FCF0BEA45B}.Debug|x64.ActiveCfg = Debug|Any CPU
		{17272736-FE78-416B-96C4-90FCF0BEA45B}.Debug|x64.Build.0 = Debug|Any CPU
		{17272736-FE78-416B-96C4-90FCF0BEA45B}.Debug|x86.ActiveCfg = Debug|Any CPU
		{17272736-FE78-416B-96C4-90FCF0BEA45B}.Debug|x86.Build.0 = Debug|Any CPU
		{17272736-FE78-416B-96C4-90FCF0BEA45B}.Release|Any CPU.ActiveCfg = Release|Any CPU
		{17272736-FE78-416B-96C4-90FCF0BEA45B}.Release|Any CPU.Build.0 = Release|Any CPU
		{17272736-FE78-416B-96C4-90FCF0BEA45B}.Release|ARM.ActiveCfg = Release|Any CPU
		{17272736-FE78-416B-96C4-90FCF0BEA45B}.Release|ARM.Build.0 = Release|Any CPU
		{17272736-FE78-416B-96C4-90FCF0BEA45B}.Release|x64.ActiveCfg = Release|Any CPU
		{17272736-FE78-416B-96C4-90FCF0BEA45B}.Release|x64.Build.0 = Release|Any CPU
		{17272736-FE78-416B-96C4-90FCF0BEA45B}.Release|x86.ActiveCfg = Release|Any CPU
		{17272736-FE78-416B-96C4-90FCF0BEA45B}.Release|x86.Build.0 = Release|Any CPU
		{17272736-FE78-416B-96C4-90FCF0BEA45B}.Release2|Any CPU.ActiveCfg = Release2|Any CPU
		{17272736-FE78-416B-96C4-90FCF0BEA45B}.Release2|Any CPU.Build.0 = Release2|Any CPU
		{17272736-FE78-416B-96C4-90FCF0BEA45B}.Release2|ARM.ActiveCfg = Release2|Any CPU
		{17272736-FE78-416B-96C4-90FCF0BEA45B}.Release2|ARM.Build.0 = Release2|Any CPU
		{17272736-FE78-416B-96C4-90FCF0BEA45B}.Release2|x64.ActiveCfg = Release2|Any CPU
		{17272736-FE78-416B-96C4-90FCF0BEA45B}.Release2|x64.Build.0 = Release2|Any CPU
		{17272736-FE78-416B-96C4-90FCF0BEA45B}.Release2|x86.ActiveCfg = Release2|Any CPU
		{17272736-FE78-416B-96C4-90FCF0BEA45B}.Release2|x86.Build.0 = Release2|Any CPU
		{21C09002-C4BC-4F4D-ABBD-53D17AD8B1DA}.Debug|Any CPU.ActiveCfg = Debug|Win32
		{21C09002-C4BC-4F4D-ABBD-53D17AD8B1DA}.Debug|Any CPU.Build.0 = Debug|Win32
		{21C09002-C4BC-4F4D-ABBD-53D17AD8B1DA}.Debug|ARM.ActiveCfg = Debug|ARM
		{21C09002-C4BC-4F4D-ABBD-53D17AD8B1DA}.Debug|ARM.Build.0 = Debug|ARM
		{21C09002-C4BC-4F4D-ABBD-53D17AD8B1DA}.Debug|x64.ActiveCfg = Debug|x64
		{21C09002-C4BC-4F4D-ABBD-53D17AD8B1DA}.Debug|x64.Build.0 = Debug|x64
		{21C09002-C4BC-4F4D-ABBD-53D17AD8B1DA}.Debug|x86.ActiveCfg = Debug|Win32
		{21C09002-C4BC-4F4D-ABBD-53D17AD8B1DA}.Debug|x86.Build.0 = Debug|Win32
		{21C09002-C4BC-4F4D-ABBD-53D17AD8B1DA}.Release|Any CPU.ActiveCfg = Release|Win32
		{21C09002-C4BC-4F4D-ABBD-53D17AD8B1DA}.Release|ARM.ActiveCfg = Release|ARM
		{21C09002-C4BC-4F4D-ABBD-53D17AD8B1DA}.Release|ARM.Build.0 = Release|ARM
		{21C09002-C4BC-4F4D-ABBD-53D17AD8B1DA}.Release|x64.ActiveCfg = Release|x64
		{21C09002-C4BC-4F4D-ABBD-53D17AD8B1DA}.Release|x64.Build.0 = Release|x64
		{21C09002-C4BC-4F4D-ABBD-53D17AD8B1DA}.Release|x86.ActiveCfg = Release|Win32
		{21C09002-C4BC-4F4D-ABBD-53D17AD8B1DA}.Release|x86.Build.0 = Release|Win32
		{21C09002-C4BC-4F4D-ABBD-53D17AD8B1DA}.Release2|Any CPU.ActiveCfg = Release|x64
		{21C09002-C4BC-4F4D-ABBD-53D17AD8B1DA}.Release2|Any CPU.Build.0 = Release|x64
		{21C09002-C4BC-4F4D-ABBD-53D17AD8B1DA}.Release2|ARM.ActiveCfg = Release|ARM
		{21C09002-C4BC-4F4D-ABBD-53D17AD8B1DA}.Release2|ARM.Build.0 = Release|ARM
		{21C09002-C4BC-4F4D-ABBD-53D17AD8B1DA}.Release2|x64.ActiveCfg = Release|x64
		{21C09002-C4BC-4F4D-ABBD-53D17AD8B1DA}.Release2|x64.Build.0 = Release|x64
		{21C09002-C4BC-4F4D-ABBD-53D17AD8B1DA}.Release2|x86.ActiveCfg = Release|Win32
		{21C09002-C4BC-4F4D-ABBD-53D17AD8B1DA}.Release2|x86.Build.0 = Release|Win32
		{D9BAA749-5BBE-4DAE-B5EA-4D70DEF266FC}.Debug|Any CPU.ActiveCfg = Debug|Any CPU
		{D9BAA749-5BBE-4DAE-B5EA-4D70DEF266FC}.Debug|Any CPU.Build.0 = Debug|Any CPU
		{D9BAA749-5BBE-4DAE-B5EA-4D70DEF266FC}.Debug|ARM.ActiveCfg = Debug|Any CPU
		{D9BAA749-5BBE-4DAE-B5EA-4D70DEF266FC}.Debug|ARM.Build.0 = Debug|Any CPU
		{D9BAA749-5BBE-4DAE-B5EA-4D70DEF266FC}.Debug|x64.ActiveCfg = Debug|Any CPU
		{D9BAA749-5BBE-4DAE-B5EA-4D70DEF266FC}.Debug|x64.Build.0 = Debug|Any CPU
		{D9BAA749-5BBE-4DAE-B5EA-4D70DEF266FC}.Debug|x86.ActiveCfg = Debug|Any CPU
		{D9BAA749-5BBE-4DAE-B5EA-4D70DEF266FC}.Debug|x86.Build.0 = Debug|Any CPU
		{D9BAA749-5BBE-4DAE-B5EA-4D70DEF266FC}.Release|Any CPU.ActiveCfg = Release|Any CPU
		{D9BAA749-5BBE-4DAE-B5EA-4D70DEF266FC}.Release|Any CPU.Build.0 = Release|Any CPU
		{D9BAA749-5BBE-4DAE-B5EA-4D70DEF266FC}.Release|ARM.ActiveCfg = Release|Any CPU
		{D9BAA749-5BBE-4DAE-B5EA-4D70DEF266FC}.Release|ARM.Build.0 = Release|Any CPU
		{D9BAA749-5BBE-4DAE-B5EA-4D70DEF266FC}.Release|x64.ActiveCfg = Release|Any CPU
		{D9BAA749-5BBE-4DAE-B5EA-4D70DEF266FC}.Release|x64.Build.0 = Release|Any CPU
		{D9BAA749-5BBE-4DAE-B5EA-4D70DEF266FC}.Release|x86.ActiveCfg = Release|Any CPU
		{D9BAA749-5BBE-4DAE-B5EA-4D70DEF266FC}.Release|x86.Build.0 = Release|Any CPU
		{D9BAA749-5BBE-4DAE-B5EA-4D70DEF266FC}.Release2|Any CPU.ActiveCfg = Release|Any CPU
		{D9BAA749-5BBE-4DAE-B5EA-4D70DEF266FC}.Release2|Any CPU.Build.0 = Release|Any CPU
		{D9BAA749-5BBE-4DAE-B5EA-4D70DEF266FC}.Release2|ARM.ActiveCfg = Release|Any CPU
		{D9BAA749-5BBE-4DAE-B5EA-4D70DEF266FC}.Release2|ARM.Build.0 = Release|Any CPU
		{D9BAA749-5BBE-4DAE-B5EA-4D70DEF266FC}.Release2|x64.ActiveCfg = Release|Any CPU
		{D9BAA749-5BBE-4DAE-B5EA-4D70DEF266FC}.Release2|x64.Build.0 = Release|Any CPU
		{D9BAA749-5BBE-4DAE-B5EA-4D70DEF266FC}.Release2|x86.ActiveCfg = Release|Any CPU
		{D9BAA749-5BBE-4DAE-B5EA-4D70DEF266FC}.Release2|x86.Build.0 = Release|Any CPU
		{BF8F35EA-9ACA-4C97-A433-F2BBE505DEB1}.Debug|Any CPU.ActiveCfg = Debug|x86
		{BF8F35EA-9ACA-4C97-A433-F2BBE505DEB1}.Debug|Any CPU.Build.0 = Debug|x86
		{BF8F35EA-9ACA-4C97-A433-F2BBE505DEB1}.Debug|Any CPU.Deploy.0 = Debug|x86
		{BF8F35EA-9ACA-4C97-A433-F2BBE505DEB1}.Debug|ARM.ActiveCfg = Debug|ARM
		{BF8F35EA-9ACA-4C97-A433-F2BBE505DEB1}.Debug|ARM.Build.0 = Debug|ARM
		{BF8F35EA-9ACA-4C97-A433-F2BBE505DEB1}.Debug|ARM.Deploy.0 = Debug|ARM
		{BF8F35EA-9ACA-4C97-A433-F2BBE505DEB1}.Debug|x64.ActiveCfg = Debug|x64
		{BF8F35EA-9ACA-4C97-A433-F2BBE505DEB1}.Debug|x64.Build.0 = Debug|x64
		{BF8F35EA-9ACA-4C97-A433-F2BBE505DEB1}.Debug|x64.Deploy.0 = Debug|x64
		{BF8F35EA-9ACA-4C97-A433-F2BBE505DEB1}.Debug|x86.ActiveCfg = Debug|x86
		{BF8F35EA-9ACA-4C97-A433-F2BBE505DEB1}.Debug|x86.Build.0 = Debug|x86
		{BF8F35EA-9ACA-4C97-A433-F2BBE505DEB1}.Debug|x86.Deploy.0 = Debug|x86
		{BF8F35EA-9ACA-4C97-A433-F2BBE505DEB1}.Release|Any CPU.ActiveCfg = Release|x86
		{BF8F35EA-9ACA-4C97-A433-F2BBE505DEB1}.Release|ARM.ActiveCfg = Release|ARM
		{BF8F35EA-9ACA-4C97-A433-F2BBE505DEB1}.Release|ARM.Build.0 = Release|ARM
		{BF8F35EA-9ACA-4C97-A433-F2BBE505DEB1}.Release|ARM.Deploy.0 = Release|ARM
		{BF8F35EA-9ACA-4C97-A433-F2BBE505DEB1}.Release|x64.ActiveCfg = Release|x64
		{BF8F35EA-9ACA-4C97-A433-F2BBE505DEB1}.Release|x64.Build.0 = Release|x64
		{BF8F35EA-9ACA-4C97-A433-F2BBE505DEB1}.Release|x64.Deploy.0 = Release|x64
		{BF8F35EA-9ACA-4C97-A433-F2BBE505DEB1}.Release|x86.ActiveCfg = Release|x86
		{BF8F35EA-9ACA-4C97-A433-F2BBE505DEB1}.Release|x86.Build.0 = Release|x86
		{BF8F35EA-9ACA-4C97-A433-F2BBE505DEB1}.Release|x86.Deploy.0 = Release|x86
		{BF8F35EA-9ACA-4C97-A433-F2BBE505DEB1}.Release2|Any CPU.ActiveCfg = Release|x86
		{BF8F35EA-9ACA-4C97-A433-F2BBE505DEB1}.Release2|Any CPU.Build.0 = Release|x86
		{BF8F35EA-9ACA-4C97-A433-F2BBE505DEB1}.Release2|Any CPU.Deploy.0 = Release|x86
		{BF8F35EA-9ACA-4C97-A433-F2BBE505DEB1}.Release2|ARM.ActiveCfg = Release|ARM
		{BF8F35EA-9ACA-4C97-A433-F2BBE505DEB1}.Release2|ARM.Build.0 = Release|ARM
		{BF8F35EA-9ACA-4C97-A433-F2BBE505DEB1}.Release2|ARM.Deploy.0 = Release|ARM
		{BF8F35EA-9ACA-4C97-A433-F2BBE505DEB1}.Release2|x64.ActiveCfg = Release|x64
		{BF8F35EA-9ACA-4C97-A433-F2BBE505DEB1}.Release2|x64.Build.0 = Release|x64
		{BF8F35EA-9ACA-4C97-A433-F2BBE505DEB1}.Release2|x64.Deploy.0 = Release|x64
		{BF8F35EA-9ACA-4C97-A433-F2BBE505DEB1}.Release2|x86.ActiveCfg = Release|x86
		{BF8F35EA-9ACA-4C97-A433-F2BBE505DEB1}.Release2|x86.Build.0 = Release|x86
		{BF8F35EA-9ACA-4C97-A433-F2BBE505DEB1}.Release2|x86.Deploy.0 = Release|x86
		{61C9B9E3-5815-4C0F-A548-AA7E30E209A5}.Debug|Any CPU.ActiveCfg = Debug|x86
		{61C9B9E3-5815-4C0F-A548-AA7E30E209A5}.Debug|ARM.ActiveCfg = Debug|ARM
		{61C9B9E3-5815-4C0F-A548-AA7E30E209A5}.Debug|ARM.Build.0 = Debug|ARM
		{61C9B9E3-5815-4C0F-A548-AA7E30E209A5}.Debug|x64.ActiveCfg = Debug|x64
		{61C9B9E3-5815-4C0F-A548-AA7E30E209A5}.Debug|x64.Build.0 = Debug|x64
		{61C9B9E3-5815-4C0F-A548-AA7E30E209A5}.Debug|x64.Deploy.0 = Debug|x64
		{61C9B9E3-5815-4C0F-A548-AA7E30E209A5}.Debug|x86.ActiveCfg = Debug|x86
		{61C9B9E3-5815-4C0F-A548-AA7E30E209A5}.Debug|x86.Build.0 = Debug|x86
		{61C9B9E3-5815-4C0F-A548-AA7E30E209A5}.Release|Any CPU.ActiveCfg = Release|x86
		{61C9B9E3-5815-4C0F-A548-AA7E30E209A5}.Release|ARM.ActiveCfg = Release|ARM
		{61C9B9E3-5815-4C0F-A548-AA7E30E209A5}.Release|x64.ActiveCfg = Release|x64
		{61C9B9E3-5815-4C0F-A548-AA7E30E209A5}.Release|x64.Build.0 = Release|x64
		{61C9B9E3-5815-4C0F-A548-AA7E30E209A5}.Release|x64.Deploy.0 = Release|x64
		{61C9B9E3-5815-4C0F-A548-AA7E30E209A5}.Release|x86.ActiveCfg = Release|x86
		{61C9B9E3-5815-4C0F-A548-AA7E30E209A5}.Release|x86.Build.0 = Release|x86
		{61C9B9E3-5815-4C0F-A548-AA7E30E209A5}.Release|x86.Deploy.0 = Release|x86
		{61C9B9E3-5815-4C0F-A548-AA7E30E209A5}.Release2|Any CPU.ActiveCfg = Release|x86
		{61C9B9E3-5815-4C0F-A548-AA7E30E209A5}.Release2|Any CPU.Build.0 = Release|x86
		{61C9B9E3-5815-4C0F-A548-AA7E30E209A5}.Release2|Any CPU.Deploy.0 = Release|x86
		{61C9B9E3-5815-4C0F-A548-AA7E30E209A5}.Release2|ARM.ActiveCfg = Release|ARM
		{61C9B9E3-5815-4C0F-A548-AA7E30E209A5}.Release2|ARM.Build.0 = Release|ARM
		{61C9B9E3-5815-4C0F-A548-AA7E30E209A5}.Release2|ARM.Deploy.0 = Release|ARM
		{61C9B9E3-5815-4C0F-A548-AA7E30E209A5}.Release2|x64.ActiveCfg = Release|x64
		{61C9B9E3-5815-4C0F-A548-AA7E30E209A5}.Release2|x64.Build.0 = Release|x64
		{61C9B9E3-5815-4C0F-A548-AA7E30E209A5}.Release2|x64.Deploy.0 = Release|x64
		{61C9B9E3-5815-4C0F-A548-AA7E30E209A5}.Release2|x86.ActiveCfg = Release|x86
		{61C9B9E3-5815-4C0F-A548-AA7E30E209A5}.Release2|x86.Build.0 = Release|x86
		{61C9B9E3-5815-4C0F-A548-AA7E30E209A5}.Release2|x86.Deploy.0 = Release|x86
		{C1E801BA-3B29-448B-B434-D552559F8516}.Debug|Any CPU.ActiveCfg = Debug|Win32
		{C1E801BA-3B29-448B-B434-D552559F8516}.Debug|ARM.ActiveCfg = Debug|ARM
		{C1E801BA-3B29-448B-B434-D552559F8516}.Debug|ARM.Build.0 = Debug|ARM
		{C1E801BA-3B29-448B-B434-D552559F8516}.Debug|x64.ActiveCfg = Debug|x64
		{C1E801BA-3B29-448B-B434-D552559F8516}.Debug|x64.Build.0 = Debug|x64
		{C1E801BA-3B29-448B-B434-D552559F8516}.Debug|x86.ActiveCfg = Debug|Win32
		{C1E801BA-3B29-448B-B434-D552559F8516}.Debug|x86.Build.0 = Debug|Win32
		{C1E801BA-3B29-448B-B434-D552559F8516}.Release|Any CPU.ActiveCfg = Release|Win32
		{C1E801BA-3B29-448B-B434-D552559F8516}.Release|ARM.ActiveCfg = Release|ARM
		{C1E801BA-3B29-448B-B434-D552559F8516}.Release|ARM.Build.0 = Release|ARM
		{C1E801BA-3B29-448B-B434-D552559F8516}.Release|x64.ActiveCfg = Release|x64
		{C1E801BA-3B29-448B-B434-D552559F8516}.Release|x64.Build.0 = Release|x64
		{C1E801BA-3B29-448B-B434-D552559F8516}.Release|x86.ActiveCfg = Release|Win32
		{C1E801BA-3B29-448B-B434-D552559F8516}.Release|x86.Build.0 = Release|Win32
		{C1E801BA-3B29-448B-B434-D552559F8516}.Release2|Any CPU.ActiveCfg = Release|x64
		{C1E801BA-3B29-448B-B434-D552559F8516}.Release2|Any CPU.Build.0 = Release|x64
		{C1E801BA-3B29-448B-B434-D552559F8516}.Release2|ARM.ActiveCfg = Release|ARM
		{C1E801BA-3B29-448B-B434-D552559F8516}.Release2|ARM.Build.0 = Release|ARM
		{C1E801BA-3B29-448B-B434-D552559F8516}.Release2|x64.ActiveCfg = Release|x64
		{C1E801BA-3B29-448B-B434-D552559F8516}.Release2|x64.Build.0 = Release|x64
		{C1E801BA-3B29-448B-B434-D552559F8516}.Release2|x86.ActiveCfg = Release|Win32
		{C1E801BA-3B29-448B-B434-D552559F8516}.Release2|x86.Build.0 = Release|Win32
	EndGlobalSection
	GlobalSection(SolutionProperties) = preSolution
		HideSolutionNode = FALSE
	EndGlobalSection
EndGlobal
